{
  "version": 4,
  "terraform_version": "1.11.4",
  "serial": 68,
  "lineage": "12b2ac02-e1e3-fce2-e74d-f9f70f4fe39d",
  "outputs": {
    "droplet_ip": {
      "value": "45.55.130.97",
      "type": "string"
    }
  },
  "resources": [
    {
      "mode": "data",
      "type": "digitalocean_ssh_key",
      "name": "ssh",
      "provider": "provider[\"registry.terraform.io/digitalocean/digitalocean\"]",
      "instances": [
        {
          "schema_version": 0,
          "attributes": {
            "fingerprint": "41:6a:ce:ea:dd:7f:b0:0f:63:ca:55:03:34:3a:3a:56",
            "id": 7155338,
            "name": "finalrstudio",
            "public_key": "ssh-rsa AAAAB3NzaC1yc2EAAAABJQAAAQEAiXvQbw8J370Bjjo9rSMUSaRPVNrvs0GyqC1swVEkko/bEo9ncdrZj0FwSXjFWJOHtUZW8CbL3fv6iQOy3U7iNWgzwBZSauF0xGiRj4c7YqGK6XXlzl6/NMRzdrCcEzow7mGSihuUhJ0xoLN+nN+KMbrL0cb4hUXgr2j6kszk8P7wilhPEgE+LYUJbkxqDetSEHw+MUHQN3X2HyNtTqy6UCcTHz7eRt38FptYnM5+CQaD5Mk6+tL/mj2xgZird7YXE/5w6V/vw9KJ+TqPJakJQjPFIRQpKlm89v/K7h/BBdwPE8Ale5QiJYGpC4ldmk8ZSHA0uGncQA9u7Mh/SwHtLQ== rsa-key-20170312"
          },
          "sensitive_attributes": []
        }
      ]
    },
    {
      "mode": "managed",
      "type": "digitalocean_droplet",
      "name": "example",
      "provider": "provider[\"registry.terraform.io/digitalocean/digitalocean\"]",
      "instances": [
        {
          "schema_version": 1,
          "attributes": {
            "backups": false,
            "created_at": "2025-05-15T00:29:53Z",
            "disk": 25,
            "droplet_agent": null,
            "graceful_shutdown": false,
            "id": "496013946",
            "image": "ubuntu-24-04-x64",
            "ipv4_address": "45.55.130.97",
            "ipv4_address_private": "10.132.0.4",
            "ipv6": false,
            "ipv6_address": "",
            "locked": false,
            "memory": 1024,
            "monitoring": false,
            "name": "example-droplet",
            "price_hourly": 0.00893,
            "price_monthly": 6,
            "private_networking": true,
            "region": "nyc3",
            "resize_disk": true,
            "size": "s-1vcpu-1gb",
            "ssh_keys": [
              "7155338"
            ],
            "status": "active",
            "tags": [
              "rstudio-web-server"
            ],
            "timeouts": null,
            "urn": "do:droplet:496013946",
            "user_data": "0ae53d568a8ade71d8f39e78da2105a2f30b85cf",
            "vcpus": 1,
            "volume_ids": [],
            "vpc_uuid": "99410a0d-dc84-11e8-80bc-3cfdfea9fba1"
          },
          "sensitive_attributes": [],
          "private": "eyJlMmJmYjczMC1lY2FhLTExZTYtOGY4OC0zNDM2M2JjN2M0YzAiOnsiY3JlYXRlIjozNjAwMDAwMDAwMDAwLCJkZWxldGUiOjYwMDAwMDAwMDAwLCJ1cGRhdGUiOjM2MDAwMDAwMDAwMDB9LCJzY2hlbWFfdmVyc2lvbiI6IjEifQ==",
          "dependencies": [
            "data.digitalocean_ssh_key.ssh"
          ]
        }
      ]
    }
  ],
  "check_results": null
}
